
Microsoft Visual Studio Solution File, Format Version 12.00
# Visual Studio Version 17
VisualStudioVersion = 17.13.35825.156 d17.13
MinimumVisualStudioVersion = 10.0.40219.1
Project("{FAE04EC0-301F-11D3-BF4B-00C04F79EFBC}") = "JogoDeDados.ConsoleApp", "JogoDeDados.ConsoleApp\JogoDeDados.ConsoleApp.csproj", "{9DA965CD-8F91-440B-B9B4-5C866A9C7AE3}"
EndProject
Global
	GlobalSection(SolutionConfigurationPlatforms) = preSolution
		Debug|Any CPU = Debug|Any CPU
		Release|Any CPU = Release|Any CPU
	EndGlobalSection
	GlobalSection(ProjectConfigurationPlatforms) = postSolution
		{9DA965CD-8F91-440B-B9B4-5C866A9C7AE3}.Debug|Any CPU.ActiveCfg = Debug|Any CPU
		{9DA965CD-8F91-440B-B9B4-5C866A9C7AE3}.Debug|Any CPU.Build.0 = Debug|Any CPU
		{9DA965CD-8F91-440B-B9B4-5C866A9C7AE3}.Release|Any CPU.ActiveCfg = Release|Any CPU
		{9DA965CD-8F91-440B-B9B4-5C866A9C7AE3}.Release|Any CPU.Build.0 = Release|Any CPU
	EndGlobalSection
	GlobalSection(SolutionProperties) = preSolution
		HideSolutionNode = FALSE
	EndGlobalSection
	GlobalSection(ExtensibilityGlobals) = postSolution
		SolutionGuid = {E718447B-139B-476A-8B1B-E82E9D474CC4}
	EndGlobalSection
EndGlobal
